# THIS IS AN AUTOGENERATED FILE. DO NOT EDIT THIS FILE DIRECTLY.
# yarn lockfile v1


vue2-animate@^2.1.4:
  version "2.1.4"
  resolved "https://registry.yarnpkg.com/vue2-animate/-/vue2-animate-2.1.4.tgz#7a241b8a0f839d97b9df63d4551fbe666354175e"
  integrity sha512-tIFHLxLYXwti0E3rJ7OeIUxTl+uVC8t9SYlD4aQ+gfgcheSu9yDbXklBNRIFxBmfNWDVpKQLMvGLxRrrCn3alw==
